
Microsoft Visual Studio Solution File, Format Version 12.00
# Visual Studio Version 16
VisualStudioVersion = 16.0.30011.22
MinimumVisualStudioVersion = 10.0.40219.1
Project("{FAE04EC0-301F-11D3-BF4B-00C04F79EFBC}") = "ORT", "ORT\ORT.csproj", "{87C45AC7-3448-437B-8906-82149770018B}"
EndProject
Global
	GlobalSection(SolutionConfigurationPlatforms) = preSolution
		Debug|Any CPU = Debug|Any CPU
		Release|Any CPU = Release|Any CPU
	EndGlobalSection
	GlobalSection(ProjectConfigurationPlatforms) = postSolution
		{87C45AC7-3448-437B-8906-82149770018B}.Debug|Any CPU.ActiveCfg = Debug|Any CPU
		{87C45AC7-3448-437B-8906-82149770018B}.Debug|Any CPU.Build.0 = Debug|Any CPU
		{87C45AC7-3448-437B-8906-82149770018B}.Release|Any CPU.ActiveCfg = Release|Any CPU
		{87C45AC7-3448-437B-8906-82149770018B}.Release|Any CPU.Build.0 = Release|Any CPU
	EndGlobalSection
	GlobalSection(SolutionProperties) = preSolution
		HideSolutionNode = FALSE
	EndGlobalSection
	GlobalSection(ExtensibilityGlobals) = postSolution
		SolutionGuid = {F4CFBC6E-98CA-4B2D-8FC3-925DE2645BD6}
	EndGlobalSection
EndGlobal
